
Microsoft Visual Studio Solution File, Format Version 12.00
# Visual Studio Version 17
VisualStudioVersion = 17.6.33712.159
MinimumVisualStudioVersion = 10.0.40219.1
Project("{9A19103F-16F7-4668-BE54-9A1E7A4F7556}") = "Roulette.API", "Roulette.API\Roulette.API.csproj", "{11E9A3D1-D480-4B58-B022-E6E0183D6ED5}"
EndProject
Project("{9A19103F-16F7-4668-BE54-9A1E7A4F7556}") = "Roulette.Application", "Roulette.Application\Roulette.Application.csproj", "{0A17A949-08E0-4512-8F55-4B7EC9153C8A}"
EndProject
Project("{9A19103F-16F7-4668-BE54-9A1E7A4F7556}") = "Roulette.Domain", "Roulette.Domain\Roulette.Domain.csproj", "{2E381AC4-49A0-44BC-84EC-BBB52F38E9D7}"
EndProject
Project("{9A19103F-16F7-4668-BE54-9A1E7A4F7556}") = "Roulette.Infrastructure", "Roulette.Infrastructure\Roulette.Infrastructure.csproj", "{F405F8CE-1145-4213-8CF0-BE8EBD8285CF}"
EndProject
Project("{9A19103F-16F7-4668-BE54-9A1E7A4F7556}") = "Roulette.UnitTests", "Roulette.UnitTests\Roulette.UnitTests.csproj", "{429AC21D-0323-4A70-9629-81D448E8DD38}"
EndProject
Project("{2150E333-8FDC-42A3-9474-1A3956D46DE8}") = "SQLServerScripts", "SQLServerScripts", "{E2E44AAE-84B1-407A-AF91-16FE97EEDA40}"
	ProjectSection(SolutionItems) = preProject
		..\..\..\..\Users\godyc\Downloads\pr_GetOrderSummaryStoredProcedureByGodknows.sql = ..\..\..\..\Users\godyc\Downloads\pr_GetOrderSummaryStoredProcedureByGodknows.sql
	EndProjectSection
EndProject
Global
	GlobalSection(SolutionConfigurationPlatforms) = preSolution
		Debug|Any CPU = Debug|Any CPU
		Release|Any CPU = Release|Any CPU
	EndGlobalSection
	GlobalSection(ProjectConfigurationPlatforms) = postSolution
		{11E9A3D1-D480-4B58-B022-E6E0183D6ED5}.Debug|Any CPU.ActiveCfg = Debug|Any CPU
		{11E9A3D1-D480-4B58-B022-E6E0183D6ED5}.Debug|Any CPU.Build.0 = Debug|Any CPU
		{11E9A3D1-D480-4B58-B022-E6E0183D6ED5}.Release|Any CPU.ActiveCfg = Release|Any CPU
		{11E9A3D1-D480-4B58-B022-E6E0183D6ED5}.Release|Any CPU.Build.0 = Release|Any CPU
		{0A17A949-08E0-4512-8F55-4B7EC9153C8A}.Debug|Any CPU.ActiveCfg = Debug|Any CPU
		{0A17A949-08E0-4512-8F55-4B7EC9153C8A}.Debug|Any CPU.Build.0 = Debug|Any CPU
		{0A17A949-08E0-4512-8F55-4B7EC9153C8A}.Release|Any CPU.ActiveCfg = Release|Any CPU
		{0A17A949-08E0-4512-8F55-4B7EC9153C8A}.Release|Any CPU.Build.0 = Release|Any CPU
		{2E381AC4-49A0-44BC-84EC-BBB52F38E9D7}.Debug|Any CPU.ActiveCfg = Debug|Any CPU
		{2E381AC4-49A0-44BC-84EC-BBB52F38E9D7}.Debug|Any CPU.Build.0 = Debug|Any CPU
		{2E381AC4-49A0-44BC-84EC-BBB52F38E9D7}.Release|Any CPU.ActiveCfg = Release|Any CPU
		{2E381AC4-49A0-44BC-84EC-BBB52F38E9D7}.Release|Any CPU.Build.0 = Release|Any CPU
		{F405F8CE-1145-4213-8CF0-BE8EBD8285CF}.Debug|Any CPU.ActiveCfg = Debug|Any CPU
		{F405F8CE-1145-4213-8CF0-BE8EBD8285CF}.Debug|Any CPU.Build.0 = Debug|Any CPU
		{F405F8CE-1145-4213-8CF0-BE8EBD8285CF}.Release|Any CPU.ActiveCfg = Release|Any CPU
		{F405F8CE-1145-4213-8CF0-BE8EBD8285CF}.Release|Any CPU.Build.0 = Release|Any CPU
		{429AC21D-0323-4A70-9629-81D448E8DD38}.Debug|Any CPU.ActiveCfg = Debug|Any CPU
		{429AC21D-0323-4A70-9629-81D448E8DD38}.Debug|Any CPU.Build.0 = Debug|Any CPU
		{429AC21D-0323-4A70-9629-81D448E8DD38}.Release|Any CPU.ActiveCfg = Release|Any CPU
		{429AC21D-0323-4A70-9629-81D448E8DD38}.Release|Any CPU.Build.0 = Release|Any CPU
	EndGlobalSection
	GlobalSection(SolutionProperties) = preSolution
		HideSolutionNode = FALSE
	EndGlobalSection
	GlobalSection(ExtensibilityGlobals) = postSolution
		SolutionGuid = {36014A94-347B-414F-80F5-69AE07FFCE73}
	EndGlobalSection
EndGlobal
